// !$*UTF8*$!
{
	archiveVersion = 1;
	classes = {
	};
	objectVersion = 77;
	objects = {

/* Begin PBXBuildFile section */
		0FF14630EBACA376BEA9461C /* Pods_QSEventAnalytics.framework in Frameworks */ = {isa = PBXBuildFile; fileRef = 95E690347331A708DC8150F4 /* Pods_QSEventAnalytics.framework */; };
		652C69DC2EEA665F0096621F /* AppDelegate.swift in Sources */ = {isa = PBXBuildFile; fileRef = 652C69D22EEA665F0096621F /* AppDelegate.swift */; };
		652C69DD2EEA665F0096621F /* SceneDelegate.swift in Sources */ = {isa = PBXBuildFile; fileRef = 652C69D92EEA665F0096621F /* SceneDelegate.swift */; };
		652C69DE2EEA665F0096621F /* ViewController.swift in Sources */ = {isa = PBXBuildFile; fileRef = 652C69DA2EEA665F0096621F /* ViewController.swift */; };
		652C69DF2EEA665F0096621F /* Assets.xcassets in Resources */ = {isa = PBXBuildFile; fileRef = 652C69D32EEA665F0096621F /* Assets.xcassets */; };
		652C69E12EEA665F0096621F /* LaunchScreen.storyboard in Resources */ = {isa = PBXBuildFile; fileRef = 652C69D62EEA665F0096621F /* LaunchScreen.storyboard */; };
		652C69E22EEA665F0096621F /* Main.storyboard in Resources */ = {isa = PBXBuildFile; fileRef = 652C69D82EEA665F0096621F /* Main.storyboard */; };
		652C69EE2EEA67070096621F /* FirebaseAnalyticTool.swift in Sources */ = {isa = PBXBuildFile; fileRef = 652C69EC2EEA67070096621F /* FirebaseAnalyticTool.swift */; };
		652C69F02EEA69C40096621F /* AnalyticTool.swift in Sources */ = {isa = PBXBuildFile; fileRef = 652C69EF2EEA69C40096621F /* AnalyticTool.swift */; };
		652C69F22EEA6C2D0096621F /* AnalyticModel.swift in Sources */ = {isa = PBXBuildFile; fileRef = 652C69F12EEA6C2D0096621F /* AnalyticModel.swift */; };
/* End PBXBuildFile section */

/* Begin PBXFileReference section */
		652C69BA2EEA64F80096621F /* QSEventAnalytics.app */ = {isa = PBXFileReference; explicitFileType = wrapper.application; includeInIndex = 0; path = QSEventAnalytics.app; sourceTree = BUILT_PRODUCTS_DIR; };
		652C69D22EEA665F0096621F /* AppDelegate.swift */ = {isa = PBXFileReference; lastKnownFileType = sourcecode.swift; path = AppDelegate.swift; sourceTree = "<group>"; };
		652C69D32EEA665F0096621F /* Assets.xcassets */ = {isa = PBXFileReference; lastKnownFileType = folder.assetcatalog; path = Assets.xcassets; sourceTree = "<group>"; };
		652C69D42EEA665F0096621F /* Info.plist */ = {isa = PBXFileReference; lastKnownFileType = text.plist.xml; path = Info.plist; sourceTree = "<group>"; };
		652C69D52EEA665F0096621F /* Base */ = {isa = PBXFileReference; lastKnownFileType = file.storyboard; name = Base; path = Base.lproj/LaunchScreen.storyboard; sourceTree = "<group>"; };
		652C69D72EEA665F0096621F /* Base */ = {isa = PBXFileReference; lastKnownFileType = file.storyboard; name = Base; path = Base.lproj/Main.storyboard; sourceTree = "<group>"; };
		652C69D92EEA665F0096621F /* SceneDelegate.swift */ = {isa = PBXFileReference; lastKnownFileType = sourcecode.swift; path = SceneDelegate.swift; sourceTree = "<group>"; };
		652C69DA2EEA665F0096621F /* ViewController.swift */ = {isa = PBXFileReference; lastKnownFileType = sourcecode.swift; path = ViewController.swift; sourceTree = "<group>"; };
		652C69EC2EEA67070096621F /* FirebaseAnalyticTool.swift */ = {isa = PBXFileReference; lastKnownFileType = sourcecode.swift; path = FirebaseAnalyticTool.swift; sourceTree = "<group>"; };
		652C69EF2EEA69C40096621F /* AnalyticTool.swift */ = {isa = PBXFileReference; lastKnownFileType = sourcecode.swift; path = AnalyticTool.swift; sourceTree = "<group>"; };
		652C69F12EEA6C2D0096621F /* AnalyticModel.swift */ = {isa = PBXFileReference; lastKnownFileType = sourcecode.swift; path = AnalyticModel.swift; sourceTree = "<group>"; };
		95E690347331A708DC8150F4 /* Pods_QSEventAnalytics.framework */ = {isa = PBXFileReference; explicitFileType = wrapper.framework; includeInIndex = 0; path = Pods_QSEventAnalytics.framework; sourceTree = BUILT_PRODUCTS_DIR; };
		D01814BE364D14667F101F27 /* Pods-QSEventAnalytics.debug.xcconfig */ = {isa = PBXFileReference; includeInIndex = 1; lastKnownFileType = text.xcconfig; name = "Pods-QSEventAnalytics.debug.xcconfig"; path = "Target Support Files/Pods-QSEventAnalytics/Pods-QSEventAnalytics.debug.xcconfig"; sourceTree = "<group>"; };
		F834582AFAFE24D47D52ABA3 /* Pods-QSEventAnalytics.release.xcconfig */ = {isa = PBXFileReference; includeInIndex = 1; lastKnownFileType = text.xcconfig; name = "Pods-QSEventAnalytics.release.xcconfig"; path = "Target Support Files/Pods-QSEventAnalytics/Pods-QSEventAnalytics.release.xcconfig"; sourceTree = "<group>"; };
/* End PBXFileReference section */

/* Begin PBXFrameworksBuildPhase section */
		652C69B72EEA64F80096621F /* Frameworks */ = {
			isa = PBXFrameworksBuildPhase;
			buildActionMask = 2147483647;
			files = (
				0FF14630EBACA376BEA9461C /* Pods_QSEventAnalytics.framework in Frameworks */,
			);
			runOnlyForDeploymentPostprocessing = 0;
		};
/* End PBXFrameworksBuildPhase section */

/* Begin PBXGroup section */
		3A26E8C1505C0C11FB8E71C5 /* Pods */ = {
			isa = PBXGroup;
			children = (
				D01814BE364D14667F101F27 /* Pods-QSEventAnalytics.debug.xcconfig */,
				F834582AFAFE24D47D52ABA3 /* Pods-QSEventAnalytics.release.xcconfig */,
			);
			path = Pods;
			sourceTree = "<group>";
		};
		652C69B12EEA64F80096621F = {
			isa = PBXGroup;
			children = (
				652C69DB2EEA665F0096621F /* QSEventAnalytics */,
				652C69BB2EEA64F80096621F /* Products */,
				3A26E8C1505C0C11FB8E71C5 /* Pods */,
				977AFCB14F836E01B4CA72D1 /* Frameworks */,
			);
			sourceTree = "<group>";
		};
		652C69BB2EEA64F80096621F /* Products */ = {
			isa = PBXGroup;
			children = (
				652C69BA2EEA64F80096621F /* QSEventAnalytics.app */,
			);
			name = Products;
			sourceTree = "<group>";
		};
		652C69DB2EEA665F0096621F /* QSEventAnalytics */ = {
			isa = PBXGroup;
			children = (
				652C69ED2EEA67070096621F /* EventAnalytics */,
				652C69D22EEA665F0096621F /* AppDelegate.swift */,
				652C69D32EEA665F0096621F /* Assets.xcassets */,
				652C69D42EEA665F0096621F /* Info.plist */,
				652C69D62EEA665F0096621F /* LaunchScreen.storyboard */,
				652C69D82EEA665F0096621F /* Main.storyboard */,
				652C69D92EEA665F0096621F /* SceneDelegate.swift */,
				652C69DA2EEA665F0096621F /* ViewController.swift */,
			);
			path = QSEventAnalytics;
			sourceTree = "<group>";
		};
		652C69ED2EEA67070096621F /* EventAnalytics */ = {
			isa = PBXGroup;
			children = (
				652C69EC2EEA67070096621F /* FirebaseAnalyticTool.swift */,
				652C69EF2EEA69C40096621F /* AnalyticTool.swift */,
				652C69F12EEA6C2D0096621F /* AnalyticModel.swift */,
			);
			path = EventAnalytics;
			sourceTree = "<group>";
		};
		977AFCB14F836E01B4CA72D1 /* Frameworks */ = {
			isa = PBXGroup;
			children = (
				95E690347331A708DC8150F4 /* Pods_QSEventAnalytics.framework */,
			);
			name = Frameworks;
			sourceTree = "<group>";
		};
/* End PBXGroup section */

/* Begin PBXNativeTarget section */
		652C69B92EEA64F80096621F /* QSEventAnalytics */ = {
			isa = PBXNativeTarget;
			buildConfigurationList = 652C69CD2EEA64FA0096621F /* Build configuration list for PBXNativeTarget "QSEventAnalytics" */;
			buildPhases = (
				3F5E6EC8B2CE32A11BDFC7E3 /* [CP] Check Pods Manifest.lock */,
				652C69B62EEA64F80096621F /* Sources */,
				652C69B72EEA64F80096621F /* Frameworks */,
				652C69B82EEA64F80096621F /* Resources */,
				C58E5A360B185A6D43381CE7 /* [CP] Embed Pods Frameworks */,
			);
			buildRules = (
			);
			dependencies = (
			);
			name = QSEventAnalytics;
			productName = QSEventAnalytics;
			productReference = 652C69BA2EEA64F80096621F /* QSEventAnalytics.app */;
			productType = "com.apple.product-type.application";
		};
/* End PBXNativeTarget section */

/* Begin PBXProject section */
		652C69B22EEA64F80096621F /* Project object */ = {
			isa = PBXProject;
			attributes = {
				BuildIndependentTargetsInParallel = 1;
				LastSwiftUpdateCheck = 2600;
				LastUpgradeCheck = 2600;
				TargetAttributes = {
					652C69B92EEA64F80096621F = {
						CreatedOnToolsVersion = 26.0.1;
					};
				};
			};
			buildConfigurationList = 652C69B52EEA64F80096621F /* Build configuration list for PBXProject "QSEventAnalytics" */;
			developmentRegion = en;
			hasScannedForEncodings = 0;
			knownRegions = (
				en,
				Base,
			);
			mainGroup = 652C69B12EEA64F80096621F;
			minimizedProjectReferenceProxies = 1;
			preferredProjectObjectVersion = 77;
			productRefGroup = 652C69BB2EEA64F80096621F /* Products */;
			projectDirPath = "";
			projectRoot = "";
			targets = (
				652C69B92EEA64F80096621F /* QSEventAnalytics */,
			);
		};
/* End PBXProject section */

/* Begin PBXResourcesBuildPhase section */
		652C69B82EEA64F80096621F /* Resources */ = {
			isa = PBXResourcesBuildPhase;
			buildActionMask = 2147483647;
			files = (
				652C69DF2EEA665F0096621F /* Assets.xcassets in Resources */,
				652C69E12EEA665F0096621F /* LaunchScreen.storyboard in Resources */,
				652C69E22EEA665F0096621F /* Main.storyboard in Resources */,
			);
			runOnlyForDeploymentPostprocessing = 0;
		};
/* End PBXResourcesBuildPhase section */

/* Begin PBXShellScriptBuildPhase section */
		3F5E6EC8B2CE32A11BDFC7E3 /* [CP] Check Pods Manifest.lock */ = {
			isa = PBXShellScriptBuildPhase;
			buildActionMask = 2147483647;
			files = (
			);
			inputFileListPaths = (
			);
			inputPaths = (
				"${PODS_PODFILE_DIR_PATH}/Podfile.lock",
				"${PODS_ROOT}/Manifest.lock",
			);
			name = "[CP] Check Pods Manifest.lock";
			outputFileListPaths = (
			);
			outputPaths = (
				"$(DERIVED_FILE_DIR)/Pods-QSEventAnalytics-checkManifestLockResult.txt",
			);
			runOnlyForDeploymentPostprocessing = 0;
			shellPath = /bin/sh;
			shellScript = "diff \"${PODS_PODFILE_DIR_PATH}/Podfile.lock\" \"${PODS_ROOT}/Manifest.lock\" > /dev/null\nif [ $? != 0 ] ; then\n    # print error to STDERR\n    echo \"error: The sandbox is not in sync with the Podfile.lock. Run 'pod install' or update your CocoaPods installation.\" >&2\n    exit 1\nfi\n# This output is used by Xcode 'outputs' to avoid re-running this script phase.\necho \"SUCCESS\" > \"${SCRIPT_OUTPUT_FILE_0}\"\n";
			showEnvVarsInLog = 0;
		};
		C58E5A360B185A6D43381CE7 /* [CP] Embed Pods Frameworks */ = {
			isa = PBXShellScriptBuildPhase;
			buildActionMask = 2147483647;
			files = (
			);
			inputFileListPaths = (
				"${PODS_ROOT}/Target Support Files/Pods-QSEventAnalytics/Pods-QSEventAnalytics-frameworks-${CONFIGURATION}-input-files.xcfilelist",
			);
			inputPaths = (
			);
			name = "[CP] Embed Pods Frameworks";
			outputFileListPaths = (
				"${PODS_ROOT}/Target Support Files/Pods-QSEventAnalytics/Pods-QSEventAnalytics-frameworks-${CONFIGURATION}-output-files.xcfilelist",
			);
			outputPaths = (
			);
			runOnlyForDeploymentPostprocessing = 0;
			shellPath = /bin/sh;
			shellScript = "\"${PODS_ROOT}/Target Support Files/Pods-QSEventAnalytics/Pods-QSEventAnalytics-frameworks.sh\"\n";
			showEnvVarsInLog = 0;
		};
/* End PBXShellScriptBuildPhase section */

/* Begin PBXSourcesBuildPhase section */
		652C69B62EEA64F80096621F /* Sources */ = {
			isa = PBXSourcesBuildPhase;
			buildActionMask = 2147483647;
			files = (
				652C69F22EEA6C2D0096621F /* AnalyticModel.swift in Sources */,
				652C69DC2EEA665F0096621F /* AppDelegate.swift in Sources */,
				652C69EE2EEA67070096621F /* FirebaseAnalyticTool.swift in Sources */,
				652C69F02EEA69C40096621F /* AnalyticTool.swift in Sources */,
				652C69DD2EEA665F0096621F /* SceneDelegate.swift in Sources */,
				652C69DE2EEA665F0096621F /* ViewController.swift in Sources */,
			);
			runOnlyForDeploymentPostprocessing = 0;
		};
/* End PBXSourcesBuildPhase section */

/* Begin PBXVariantGroup section */
		652C69D62EEA665F0096621F /* LaunchScreen.storyboard */ = {
			isa = PBXVariantGroup;
			children = (
				652C69D52EEA665F0096621F /* Base */,
			);
			name = LaunchScreen.storyboard;
			sourceTree = "<group>";
		};
		652C69D82EEA665F0096621F /* Main.storyboard */ = {
			isa = PBXVariantGroup;
			children = (
				652C69D72EEA665F0096621F /* Base */,
			);
			name = Main.storyboard;
			sourceTree = "<group>";
		};
/* End PBXVariantGroup section */

/* Begin XCBuildConfiguration section */
		652C69CE2EEA64FA0096621F /* Debug */ = {
			isa = XCBuildConfiguration;
			baseConfigurationReference = D01814BE364D14667F101F27 /* Pods-QSEventAnalytics.debug.xcconfig */;
			buildSettings = {
				ASSETCATALOG_COMPILER_APPICON_NAME = AppIcon;
				ASSETCATALOG_COMPILER_GLOBAL_ACCENT_COLOR_NAME = AccentColor;
				CODE_SIGN_STYLE = Automatic;
				CURRENT_PROJECT_VERSION = 1;
				DEVELOPMENT_TEAM = 6482M4N7Q7;
				GENERATE_INFOPLIST_FILE = YES;
				INFOPLIST_FILE = QSEventAnalytics/Info.plist;
				INFOPLIST_KEY_UIApplicationSupportsIndirectInputEvents = YES;
				INFOPLIST_KEY_UILaunchStoryboardName = LaunchScreen;
				INFOPLIST_KEY_UIMainStoryboardFile = Main;
				INFOPLIST_KEY_UISupportedInterfaceOrientations_iPad = "UIInterfaceOrientationPortrait UIInterfaceOrientationPortraitUpsideDown UIInterfaceOrientationLandscapeLeft UIInterfaceOrientationLandscapeRight";
				INFOPLIST_KEY_UISupportedInterfaceOrientations_iPhone = "UIInterfaceOrientationPortrait UIInterfaceOrientationLandscapeLeft UIInterfaceOrientationLandscapeRight";
				IPHONEOS_DEPLOYMENT_TARGET = 15.0;
				LD_RUNPATH_SEARCH_PATHS = (
					"$(inherited)",
					"@executable_path/Frameworks",
				);
				MARKETING_VERSION = 1.0;
				PRODUCT_BUNDLE_IDENTIFIER = com.jlht.QSEventAnalytics;
				PRODUCT_NAME = "$(TARGET_NAME)";
				STRING_CATALOG_GENERATE_SYMBOLS = YES;
				SWIFT_APPROACHABLE_CONCURRENCY = YES;
				SWIFT_DEFAULT_ACTOR_ISOLATION = MainActor;
				SWIFT_EMIT_LOC_STRINGS = YES;
				SWIFT_UPCOMING_FEATURE_MEMBER_IMPORT_VISIBILITY = YES;
				SWIFT_VERSION = 5.0;
				TARGETED_DEVICE_FAMILY = "1,2";
			};
			name = Debug;
		};
		652C69CF2EEA64FA0096621F /* Release */ = {
			isa = XCBuildConfiguration;
			baseConfigurationReference = F834582AFAFE24D47D52ABA3 /* Pods-QSEventAnalytics.release.xcconfig */;
			buildSettings = {
				ASSETCATALOG_COMPILER_APPICON_NAME = AppIcon;
				ASSETCATALOG_COMPILER_GLOBAL_ACCENT_COLOR_NAME = AccentColor;
				CODE_SIGN_STYLE = Automatic;
				CURRENT_PROJECT_VERSION = 1;
				DEVELOPMENT_TEAM = 6482M4N7Q7;
				GENERATE_INFOPLIST_FILE = YES;
				INFOPLIST_FILE = QSEventAnalytics/Info.plist;
				INFOPLIST_KEY_UIApplicationSupportsIndirectInputEvents = YES;
				INFOPLIST_KEY_UILaunchStoryboardName = LaunchScreen;
				INFOPLIST_KEY_UIMainStoryboardFile = Main;
				INFOPLIST_KEY_UISupportedInterfaceOrientations_iPad = "UIInterfaceOrientationPortrait UIInterfaceOrientationPortraitUpsideDown UIInterfaceOrientationLandscapeLeft UIInterfaceOrientationLandscapeRight";
				INFOPLIST_KEY_UISupportedInterfaceOrientations_iPhone = "UIInterfaceOrientationPortrait UIInterfaceOrientationLandscapeLeft UIInterfaceOrientationLandscapeRight";
				IPHONEOS_DEPLOYMENT_TARGET = 15.0;
				LD_RUNPATH_SEARCH_PATHS = (
					"$(inherited)",
					"@executable_path/Frameworks",
				);
				MARKETING_VERSION = 1.0;
				PRODUCT_BUNDLE_IDENTIFIER = com.jlht.QSEventAnalytics;
				PRODUCT_NAME = "$(TARGET_NAME)";
				STRING_CATALOG_GENERATE_SYMBOLS = YES;
				SWIFT_APPROACHABLE_CONCURRENCY = YES;
				SWIFT_DEFAULT_ACTOR_ISOLATION = MainActor;
				SWIFT_EMIT_LOC_STRINGS = YES;
				SWIFT_UPCOMING_FEATURE_MEMBER_IMPORT_VISIBILITY = YES;
				SWIFT_VERSION = 5.0;
				TARGETED_DEVICE_FAMILY = "1,2";
			};
			name = Release;
		};
		652C69D02EEA64FA0096621F /* Debug */ = {
			isa = XCBuildConfiguration;
			buildSettings = {
				ALWAYS_SEARCH_USER_PATHS = NO;
				ASSETCATALOG_COMPILER_GENERATE_SWIFT_ASSET_SYMBOL_EXTENSIONS = YES;
				CLANG_ANALYZER_NONNULL = YES;
				CLANG_ANALYZER_NUMBER_OBJECT_CONVERSION = YES_AGGRESSIVE;
				CLANG_CXX_LANGUAGE_STANDARD = "gnu++20";
				CLANG_ENABLE_MODULES = YES;
				CLANG_ENABLE_OBJC_ARC = YES;
				CLANG_ENABLE_OBJC_WEAK = YES;
				CLANG_WARN_BLOCK_CAPTURE_AUTORELEASING = YES;
				CLANG_WARN_BOOL_CONVERSION = YES;
				CLANG_WARN_COMMA = YES;
				CLANG_WARN_CONSTANT_CONVERSION = YES;
				CLANG_WARN_DEPRECATED_OBJC_IMPLEMENTATIONS = YES;
				CLANG_WARN_DIRECT_OBJC_ISA_USAGE = YES_ERROR;
				CLANG_WARN_DOCUMENTATION_COMMENTS = YES;
				CLANG_WARN_EMPTY_BODY = YES;
				CLANG_WARN_ENUM_CONVERSION = YES;
				CLANG_WARN_INFINITE_RECURSION = YES;
				CLANG_WARN_INT_CONVERSION = YES;
				CLANG_WARN_NON_LITERAL_NULL_CONVERSION = YES;
				CLANG_WARN_OBJC_IMPLICIT_RETAIN_SELF = YES;
				CLANG_WARN_OBJC_LITERAL_CONVERSION = YES;
				CLANG_WARN_OBJC_ROOT_CLASS = YES_ERROR;
				CLANG_WARN_QUOTED_INCLUDE_IN_FRAMEWORK_HEADER = YES;
				CLANG_WARN_RANGE_LOOP_ANALYSIS = YES;
				CLANG_WARN_STRICT_PROTOTYPES = YES;
				CLANG_WARN_SUSPICIOUS_MOVE = YES;
				CLANG_WARN_UNGUARDED_AVAILABILITY = YES_AGGRESSIVE;
				CLANG_WARN_UNREACHABLE_CODE = YES;
				CLANG_WARN__DUPLICATE_METHOD_MATCH = YES;
				COPY_PHASE_STRIP = NO;
				DEBUG_INFORMATION_FORMAT = dwarf;
				DEVELOPMENT_TEAM = 6482M4N7Q7;
				ENABLE_STRICT_OBJC_MSGSEND = YES;
				ENABLE_TESTABILITY = YES;
				ENABLE_USER_SCRIPT_SANDBOXING = YES;
				GCC_C_LANGUAGE_STANDARD = gnu17;
				GCC_DYNAMIC_NO_PIC = NO;
				GCC_NO_COMMON_BLOCKS = YES;
				GCC_OPTIMIZATION_LEVEL = 0;
				GCC_PREPROCESSOR_DEFINITIONS = (
					"DEBUG=1",
					"$(inherited)",
				);
				GCC_WARN_64_TO_32_BIT_CONVERSION = YES;
				GCC_WARN_ABOUT_RETURN_TYPE = YES_ERROR;
				GCC_WARN_UNDECLARED_SELECTOR = YES;
				GCC_WARN_UNINITIALIZED_AUTOS = YES_AGGRESSIVE;
				GCC_WARN_UNUSED_FUNCTION = YES;
				GCC_WARN_UNUSED_VARIABLE = YES;
				IPHONEOS_DEPLOYMENT_TARGET = 26.0;
				LOCALIZATION_PREFERS_STRING_CATALOGS = YES;
				MTL_ENABLE_DEBUG_INFO = INCLUDE_SOURCE;
				MTL_FAST_MATH = YES;
				ONLY_ACTIVE_ARCH = YES;
				SDKROOT = iphoneos;
				SWIFT_ACTIVE_COMPILATION_CONDITIONS = "DEBUG $(inherited)";
				SWIFT_OPTIMIZATION_LEVEL = "-Onone";
			};
			name = Debug;
		};
		652C69D12EEA64FA0096621F /* Release */ = {
			isa = XCBuildConfiguration;
			buildSettings = {
				ALWAYS_SEARCH_USER_PATHS = NO;
				ASSETCATALOG_COMPILER_GENERATE_SWIFT_ASSET_SYMBOL_EXTENSIONS = YES;
				CLANG_ANALYZER_NONNULL = YES;
				CLANG_ANALYZER_NUMBER_OBJECT_CONVERSION = YES_AGGRESSIVE;
				CLANG_CXX_LANGUAGE_STANDARD = "gnu++20";
				CLANG_ENABLE_MODULES = YES;
				CLANG_ENABLE_OBJC_ARC = YES;
				CLANG_ENABLE_OBJC_WEAK = YES;
				CLANG_WARN_BLOCK_CAPTURE_AUTORELEASING = YES;
				CLANG_WARN_BOOL_CONVERSION = YES;
				CLANG_WARN_COMMA = YES;
				CLANG_WARN_CONSTANT_CONVERSION = YES;
				CLANG_WARN_DEPRECATED_OBJC_IMPLEMENTATIONS = YES;
				CLANG_WARN_DIRECT_OBJC_ISA_USAGE = YES_ERROR;
				CLANG_WARN_DOCUMENTATION_COMMENTS = YES;
				CLANG_WARN_EMPTY_BODY = YES;
				CLANG_WARN_ENUM_CONVERSION = YES;
				CLANG_WARN_INFINITE_RECURSION = YES;
				CLANG_WARN_INT_CONVERSION = YES;
				CLANG_WARN_NON_LITERAL_NULL_CONVERSION = YES;
				CLANG_WARN_OBJC_IMPLICIT_RETAIN_SELF = YES;
				CLANG_WARN_OBJC_LITERAL_CONVERSION = YES;
				CLANG_WARN_OBJC_ROOT_CLASS = YES_ERROR;
				CLANG_WARN_QUOTED_INCLUDE_IN_FRAMEWORK_HEADER = YES;
				CLANG_WARN_RANGE_LOOP_ANALYSIS = YES;
				CLANG_WARN_STRICT_PROTOTYPES = YES;
				CLANG_WARN_SUSPICIOUS_MOVE = YES;
				CLANG_WARN_UNGUARDED_AVAILABILITY = YES_AGGRESSIVE;
				CLANG_WARN_UNREACHABLE_CODE = YES;
				CLANG_WARN__DUPLICATE_METHOD_MATCH = YES;
				COPY_PHASE_STRIP = NO;
				DEBUG_INFORMATION_FORMAT = "dwarf-with-dsym";
				DEVELOPMENT_TEAM = 6482M4N7Q7;
				ENABLE_NS_ASSERTIONS = NO;
				ENABLE_STRICT_OBJC_MSGSEND = YES;
				ENABLE_USER_SCRIPT_SANDBOXING = YES;
				GCC_C_LANGUAGE_STANDARD = gnu17;
				GCC_NO_COMMON_BLOCKS = YES;
				GCC_WARN_64_TO_32_BIT_CONVERSION = YES;
				GCC_WARN_ABOUT_RETURN_TYPE = YES_ERROR;
				GCC_WARN_UNDECLARED_SELECTOR = YES;
				GCC_WARN_UNINITIALIZED_AUTOS = YES_AGGRESSIVE;
				GCC_WARN_UNUSED_FUNCTION = YES;
				GCC_WARN_UNUSED_VARIABLE = YES;
				IPHONEOS_DEPLOYMENT_TARGET = 26.0;
				LOCALIZATION_PREFERS_STRING_CATALOGS = YES;
				MTL_ENABLE_DEBUG_INFO = NO;
				MTL_FAST_MATH = YES;
				SDKROOT = iphoneos;
				SWIFT_COMPILATION_MODE = wholemodule;
				VALIDATE_PRODUCT = YES;
			};
			name = Release;
		};
/* End XCBuildConfiguration section */

/* Begin XCConfigurationList section */
		652C69B52EEA64F80096621F /* Build configuration list for PBXProject "QSEventAnalytics" */ = {
			isa = XCConfigurationList;
			buildConfigurations = (
				652C69D02EEA64FA0096621F /* Debug */,
				652C69D12EEA64FA0096621F /* Release */,
			);
			defaultConfigurationIsVisible = 0;
			defaultConfigurationName = Release;
		};
		652C69CD2EEA64FA0096621F /* Build configuration list for PBXNativeTarget "QSEventAnalytics" */ = {
			isa = XCConfigurationList;
			buildConfigurations = (
				652C69CE2EEA64FA0096621F /* Debug */,
				652C69CF2EEA64FA0096621F /* Release */,
			);
			defaultConfigurationIsVisible = 0;
			defaultConfigurationName = Release;
		};
/* End XCConfigurationList section */
	};
	rootObject = 652C69B22EEA64F80096621F /* Project object */;
}
